// !$*UTF8*$!
{
	archiveVersion = 1;
	classes = {
	};
	objectVersion = 48;
	objects = {

/* Begin PBXBuildFile section */
		841AD4C41F8CB63F00FB8705 /* AppDelegate.swift in Sources */ = {isa = PBXBuildFile; fileRef = 841AD4C31F8CB63F00FB8705 /* AppDelegate.swift */; };
		841AD4C91F8CB63F00FB8705 /* Main.storyboard in Resources */ = {isa = PBXBuildFile; fileRef = 841AD4C71F8CB63F00FB8705 /* Main.storyboard */; };
		841AD4CC1F8CB63F00FB8705 /* School_with_Cristina.xcdatamodeld in Sources */ = {isa = PBXBuildFile; fileRef = 841AD4CA1F8CB63F00FB8705 /* School_with_Cristina.xcdatamodeld */; };
		841AD4CE1F8CB63F00FB8705 /* Assets.xcassets in Resources */ = {isa = PBXBuildFile; fileRef = 841AD4CD1F8CB63F00FB8705 /* Assets.xcassets */; };
		841AD4D11F8CB63F00FB8705 /* LaunchScreen.storyboard in Resources */ = {isa = PBXBuildFile; fileRef = 841AD4CF1F8CB63F00FB8705 /* LaunchScreen.storyboard */; };
		841AD4D91F8CB73000FB8705 /* mainVideoListScreen.swift in Sources */ = {isa = PBXBuildFile; fileRef = 841AD4D81F8CB73000FB8705 /* mainVideoListScreen.swift */; };
		841AD4DC1F8CBDAB00FB8705 /* myVideoTableViewCell.swift in Sources */ = {isa = PBXBuildFile; fileRef = 841AD4DB1F8CBDAB00FB8705 /* myVideoTableViewCell.swift */; };
		841AD4DF1F8CBFA700FB8705 /* VideoObject.swift in Sources */ = {isa = PBXBuildFile; fileRef = 841AD4DE1F8CBFA700FB8705 /* VideoObject.swift */; };
		8438091E1F9532920055BEEE /* Detail1BViewController.swift in Sources */ = {isa = PBXBuildFile; fileRef = 8438091D1F9532920055BEEE /* Detail1BViewController.swift */; };
		843809201F9534790055BEEE /* SelectionScreen.swift in Sources */ = {isa = PBXBuildFile; fileRef = 8438091F1F9534790055BEEE /* SelectionScreen.swift */; };
		843CCA781F8D3C0C00F94CAA /* Detail1ViewController.swift in Sources */ = {isa = PBXBuildFile; fileRef = 843CCA771F8D3C0C00F94CAA /* Detail1ViewController.swift */; };
		8447DE781F96842500AF4551 /* appDelegateScreen1.swift in Sources */ = {isa = PBXBuildFile; fileRef = 8447DE771F96842500AF4551 /* appDelegateScreen1.swift */; };
		844AA53D1F9BC524005DC9AA /* keyBoardScreen1.swift in Sources */ = {isa = PBXBuildFile; fileRef = 844AA53C1F9BC524005DC9AA /* keyBoardScreen1.swift */; };
/* End PBXBuildFile section */

/* Begin PBXFileReference section */
		841AD4C01F8CB63F00FB8705 /* School with Cristina.app */ = {isa = PBXFileReference; explicitFileType = wrapper.application; includeInIndex = 0; path = "School with Cristina.app"; sourceTree = BUILT_PRODUCTS_DIR; };
		841AD4C31F8CB63F00FB8705 /* AppDelegate.swift */ = {isa = PBXFileReference; lastKnownFileType = sourcecode.swift; path = AppDelegate.swift; sourceTree = "<group>"; };
		841AD4C81F8CB63F00FB8705 /* Base */ = {isa = PBXFileReference; lastKnownFileType = file.storyboard; name = Base; path = Base.lproj/Main.storyboard; sourceTree = "<group>"; };
		841AD4CB1F8CB63F00FB8705 /* School_with_Cristina.xcdatamodel */ = {isa = PBXFileReference; lastKnownFileType = wrapper.xcdatamodel; path = School_with_Cristina.xcdatamodel; sourceTree = "<group>"; };
		841AD4CD1F8CB63F00FB8705 /* Assets.xcassets */ = {isa = PBXFileReference; lastKnownFileType = folder.assetcatalog; path = Assets.xcassets; sourceTree = "<group>"; };
		841AD4D01F8CB63F00FB8705 /* Base */ = {isa = PBXFileReference; lastKnownFileType = file.storyboard; name = Base; path = Base.lproj/LaunchScreen.storyboard; sourceTree = "<group>"; };
		841AD4D21F8CB63F00FB8705 /* Info.plist */ = {isa = PBXFileReference; lastKnownFileType = text.plist.xml; path = Info.plist; sourceTree = "<group>"; };
		841AD4D81F8CB73000FB8705 /* mainVideoListScreen.swift */ = {isa = PBXFileReference; lastKnownFileType = sourcecode.swift; path = mainVideoListScreen.swift; sourceTree = "<group>"; };
		841AD4DB1F8CBDAB00FB8705 /* myVideoTableViewCell.swift */ = {isa = PBXFileReference; lastKnownFileType = sourcecode.swift; path = myVideoTableViewCell.swift; sourceTree = "<group>"; };
		841AD4DE1F8CBFA700FB8705 /* VideoObject.swift */ = {isa = PBXFileReference; lastKnownFileType = sourcecode.swift; path = VideoObject.swift; sourceTree = "<group>"; };
		8438091D1F9532920055BEEE /* Detail1BViewController.swift */ = {isa = PBXFileReference; lastKnownFileType = sourcecode.swift; path = Detail1BViewController.swift; sourceTree = "<group>"; };
		8438091F1F9534790055BEEE /* SelectionScreen.swift */ = {isa = PBXFileReference; lastKnownFileType = sourcecode.swift; path = SelectionScreen.swift; sourceTree = "<group>"; };
		843CCA771F8D3C0C00F94CAA /* Detail1ViewController.swift */ = {isa = PBXFileReference; lastKnownFileType = sourcecode.swift; path = Detail1ViewController.swift; sourceTree = "<group>"; };
		8447DE771F96842500AF4551 /* appDelegateScreen1.swift */ = {isa = PBXFileReference; lastKnownFileType = sourcecode.swift; path = appDelegateScreen1.swift; sourceTree = "<group>"; };
		844AA53C1F9BC524005DC9AA /* keyBoardScreen1.swift */ = {isa = PBXFileReference; lastKnownFileType = sourcecode.swift; path = keyBoardScreen1.swift; sourceTree = "<group>"; };
/* End PBXFileReference section */

/* Begin PBXFrameworksBuildPhase section */
		841AD4BD1F8CB63F00FB8705 /* Frameworks */ = {
			isa = PBXFrameworksBuildPhase;
			buildActionMask = 2147483647;
			files = (
			);
			runOnlyForDeploymentPostprocessing = 0;
		};
/* End PBXFrameworksBuildPhase section */

/* Begin PBXGroup section */
		841AD4B71F8CB63F00FB8705 = {
			isa = PBXGroup;
			children = (
				841AD4C21F8CB63F00FB8705 /* School with Cristina */,
				841AD4DD1F8CBDCA00FB8705 /* VideoCell */,
				841AD4C11F8CB63F00FB8705 /* Products */,
				8438091C1F9525F20055BEEE /* Protocols */,
				8447DE761F9683E100AF4551 /* App delegate */,
				844AA53B1F9BC4FF005DC9AA /* KeyBoard */,
				841AD4DA1F8CB74400FB8705 /* StoryBoard */,
			);
			sourceTree = "<group>";
		};
		841AD4C11F8CB63F00FB8705 /* Products */ = {
			isa = PBXGroup;
			children = (
				841AD4C01F8CB63F00FB8705 /* School with Cristina.app */,
			);
			name = Products;
			sourceTree = "<group>";
		};
		841AD4C21F8CB63F00FB8705 /* School with Cristina */ = {
			isa = PBXGroup;
			children = (
				841AD4C31F8CB63F00FB8705 /* AppDelegate.swift */,
				841AD4D81F8CB73000FB8705 /* mainVideoListScreen.swift */,
				841AD4CD1F8CB63F00FB8705 /* Assets.xcassets */,
				841AD4CF1F8CB63F00FB8705 /* LaunchScreen.storyboard */,
				841AD4D21F8CB63F00FB8705 /* Info.plist */,
				841AD4CA1F8CB63F00FB8705 /* School_with_Cristina.xcdatamodeld */,
				841AD4DE1F8CBFA700FB8705 /* VideoObject.swift */,
			);
			path = "School with Cristina";
			sourceTree = "<group>";
		};
		841AD4DA1F8CB74400FB8705 /* StoryBoard */ = {
			isa = PBXGroup;
			children = (
				841AD4C71F8CB63F00FB8705 /* Main.storyboard */,
			);
			path = StoryBoard;
			sourceTree = "<group>";
		};
		841AD4DD1F8CBDCA00FB8705 /* VideoCell */ = {
			isa = PBXGroup;
			children = (
				841AD4DB1F8CBDAB00FB8705 /* myVideoTableViewCell.swift */,
			);
			path = VideoCell;
			sourceTree = "<group>";
		};
		8438091C1F9525F20055BEEE /* Protocols */ = {
			isa = PBXGroup;
			children = (
				843CCA771F8D3C0C00F94CAA /* Detail1ViewController.swift */,
				8438091D1F9532920055BEEE /* Detail1BViewController.swift */,
				8438091F1F9534790055BEEE /* SelectionScreen.swift */,
			);
			path = Protocols;
			sourceTree = "<group>";
		};
		8447DE761F9683E100AF4551 /* App delegate */ = {
			isa = PBXGroup;
			children = (
				8447DE771F96842500AF4551 /* appDelegateScreen1.swift */,
			);
			path = "App delegate";
			sourceTree = "<group>";
		};
		844AA53B1F9BC4FF005DC9AA /* KeyBoard */ = {
			isa = PBXGroup;
			children = (
				844AA53C1F9BC524005DC9AA /* keyBoardScreen1.swift */,
			);
			path = KeyBoard;
			sourceTree = "<group>";
		};
/* End PBXGroup section */

/* Begin PBXNativeTarget section */
		841AD4BF1F8CB63F00FB8705 /* School with Cristina */ = {
			isa = PBXNativeTarget;
			buildConfigurationList = 841AD4D51F8CB63F00FB8705 /* Build configuration list for PBXNativeTarget "School with Cristina" */;
			buildPhases = (
				841AD4BC1F8CB63F00FB8705 /* Sources */,
				841AD4BD1F8CB63F00FB8705 /* Frameworks */,
				841AD4BE1F8CB63F00FB8705 /* Resources */,
			);
			buildRules = (
			);
			dependencies = (
			);
			name = "School with Cristina";
			productName = "School with Cristina";
			productReference = 841AD4C01F8CB63F00FB8705 /* School with Cristina.app */;
			productType = "com.apple.product-type.application";
		};
/* End PBXNativeTarget section */

/* Begin PBXProject section */
		841AD4B81F8CB63F00FB8705 /* Project object */ = {
			isa = PBXProject;
			attributes = {
				LastSwiftUpdateCheck = 0900;
				LastUpgradeCheck = 0900;
				ORGANIZATIONNAME = home;
				TargetAttributes = {
					841AD4BF1F8CB63F00FB8705 = {
						CreatedOnToolsVersion = 9.0;
						ProvisioningStyle = Automatic;
					};
				};
			};
			buildConfigurationList = 841AD4BB1F8CB63F00FB8705 /* Build configuration list for PBXProject "School with Cristina" */;
			compatibilityVersion = "Xcode 8.0";
			developmentRegion = en;
			hasScannedForEncodings = 0;
			knownRegions = (
				en,
				Base,
			);
			mainGroup = 841AD4B71F8CB63F00FB8705;
			productRefGroup = 841AD4C11F8CB63F00FB8705 /* Products */;
			projectDirPath = "";
			projectRoot = "";
			targets = (
				841AD4BF1F8CB63F00FB8705 /* School with Cristina */,
			);
		};
/* End PBXProject section */

/* Begin PBXResourcesBuildPhase section */
		841AD4BE1F8CB63F00FB8705 /* Resources */ = {
			isa = PBXResourcesBuildPhase;
			buildActionMask = 2147483647;
			files = (
				841AD4D11F8CB63F00FB8705 /* LaunchScreen.storyboard in Resources */,
				841AD4CE1F8CB63F00FB8705 /* Assets.xcassets in Resources */,
				841AD4C91F8CB63F00FB8705 /* Main.storyboard in Resources */,
			);
			runOnlyForDeploymentPostprocessing = 0;
		};
/* End PBXResourcesBuildPhase section */

/* Begin PBXSourcesBuildPhase section */
		841AD4BC1F8CB63F00FB8705 /* Sources */ = {
			isa = PBXSourcesBuildPhase;
			buildActionMask = 2147483647;
			files = (
				841AD4D91F8CB73000FB8705 /* mainVideoListScreen.swift in Sources */,
				841AD4DC1F8CBDAB00FB8705 /* myVideoTableViewCell.swift in Sources */,
				8438091E1F9532920055BEEE /* Detail1BViewController.swift in Sources */,
				8447DE781F96842500AF4551 /* appDelegateScreen1.swift in Sources */,
				844AA53D1F9BC524005DC9AA /* keyBoardScreen1.swift in Sources */,
				841AD4CC1F8CB63F00FB8705 /* School_with_Cristina.xcdatamodeld in Sources */,
				843CCA781F8D3C0C00F94CAA /* Detail1ViewController.swift in Sources */,
				841AD4C41F8CB63F00FB8705 /* AppDelegate.swift in Sources */,
				843809201F9534790055BEEE /* SelectionScreen.swift in Sources */,
				841AD4DF1F8CBFA700FB8705 /* VideoObject.swift in Sources */,
			);
			runOnlyForDeploymentPostprocessing = 0;
		};
/* End PBXSourcesBuildPhase section */

/* Begin PBXVariantGroup section */
		841AD4C71F8CB63F00FB8705 /* Main.storyboard */ = {
			isa = PBXVariantGroup;
			children = (
				841AD4C81F8CB63F00FB8705 /* Base */,
			);
			name = Main.storyboard;
			sourceTree = "<group>";
		};
		841AD4CF1F8CB63F00FB8705 /* LaunchScreen.storyboard */ = {
			isa = PBXVariantGroup;
			children = (
				841AD4D01F8CB63F00FB8705 /* Base */,
			);
			name = LaunchScreen.storyboard;
			sourceTree = "<group>";
		};
/* End PBXVariantGroup section */

/* Begin XCBuildConfiguration section */
		841AD4D31F8CB63F00FB8705 /* Debug */ = {
			isa = XCBuildConfiguration;
			buildSettings = {
				ALWAYS_SEARCH_USER_PATHS = NO;
				CLANG_ANALYZER_NONNULL = YES;
				CLANG_ANALYZER_NUMBER_OBJECT_CONVERSION = YES_AGGRESSIVE;
				CLANG_CXX_LANGUAGE_STANDARD = "gnu++14";
				CLANG_CXX_LIBRARY = "libc++";
				CLANG_ENABLE_MODULES = YES;
				CLANG_ENABLE_OBJC_ARC = YES;
				CLANG_WARN_BLOCK_CAPTURE_AUTORELEASING = YES;
				CLANG_WARN_BOOL_CONVERSION = YES;
				CLANG_WARN_COMMA = YES;
				CLANG_WARN_CONSTANT_CONVERSION = YES;
				CLANG_WARN_DIRECT_OBJC_ISA_USAGE = YES_ERROR;
				CLANG_WARN_DOCUMENTATION_COMMENTS = YES;
				CLANG_WARN_EMPTY_BODY = YES;
				CLANG_WARN_ENUM_CONVERSION = YES;
				CLANG_WARN_INFINITE_RECURSION = YES;
				CLANG_WARN_INT_CONVERSION = YES;
				CLANG_WARN_NON_LITERAL_NULL_CONVERSION = YES;
				CLANG_WARN_OBJC_LITERAL_CONVERSION = YES;
				CLANG_WARN_OBJC_ROOT_CLASS = YES_ERROR;
				CLANG_WARN_RANGE_LOOP_ANALYSIS = YES;
				CLANG_WARN_STRICT_PROTOTYPES = YES;
				CLANG_WARN_SUSPICIOUS_MOVE = YES;
				CLANG_WARN_UNGUARDED_AVAILABILITY = YES_AGGRESSIVE;
				CLANG_WARN_UNREACHABLE_CODE = YES;
				CLANG_WARN__DUPLICATE_METHOD_MATCH = YES;
				CODE_SIGN_IDENTITY = "iPhone Developer";
				COPY_PHASE_STRIP = NO;
				DEBUG_INFORMATION_FORMAT = dwarf;
				ENABLE_STRICT_OBJC_MSGSEND = YES;
				ENABLE_TESTABILITY = YES;
				GCC_C_LANGUAGE_STANDARD = gnu11;
				GCC_DYNAMIC_NO_PIC = NO;
				GCC_NO_COMMON_BLOCKS = YES;
				GCC_OPTIMIZATION_LEVEL = 0;
				GCC_PREPROCESSOR_DEFINITIONS = (
					"DEBUG=1",
					"$(inherited)",
				);
				GCC_WARN_64_TO_32_BIT_CONVERSION = YES;
				GCC_WARN_ABOUT_RETURN_TYPE = YES_ERROR;
				GCC_WARN_UNDECLARED_SELECTOR = YES;
				GCC_WARN_UNINITIALIZED_AUTOS = YES_AGGRESSIVE;
				GCC_WARN_UNUSED_FUNCTION = YES;
				GCC_WARN_UNUSED_VARIABLE = YES;
				IPHONEOS_DEPLOYMENT_TARGET = 11.0;
				MTL_ENABLE_DEBUG_INFO = YES;
				ONLY_ACTIVE_ARCH = YES;
				SDKROOT = iphoneos;
				SWIFT_ACTIVE_COMPILATION_CONDITIONS = DEBUG;
				SWIFT_OPTIMIZATION_LEVEL = "-Onone";
			};
			name = Debug;
		};
		841AD4D41F8CB63F00FB8705 /* Release */ = {
			isa = XCBuildConfiguration;
			buildSettings = {
				ALWAYS_SEARCH_USER_PATHS = NO;
				CLANG_ANALYZER_NONNULL = YES;
				CLANG_ANALYZER_NUMBER_OBJECT_CONVERSION = YES_AGGRESSIVE;
				CLANG_CXX_LANGUAGE_STANDARD = "gnu++14";
				CLANG_CXX_LIBRARY = "libc++";
				CLANG_ENABLE_MODULES = YES;
				CLANG_ENABLE_OBJC_ARC = YES;
				CLANG_WARN_BLOCK_CAPTURE_AUTORELEASING = YES;
				CLANG_WARN_BOOL_CONVERSION = YES;
				CLANG_WARN_COMMA = YES;
				CLANG_WARN_CONSTANT_CONVERSION = YES;
				CLANG_WARN_DIRECT_OBJC_ISA_USAGE = YES_ERROR;
				CLANG_WARN_DOCUMENTATION_COMMENTS = YES;
				CLANG_WARN_EMPTY_BODY = YES;
				CLANG_WARN_ENUM_CONVERSION = YES;
				CLANG_WARN_INFINITE_RECURSION = YES;
				CLANG_WARN_INT_CONVERSION = YES;
				CLANG_WARN_NON_LITERAL_NULL_CONVERSION = YES;
				CLANG_WARN_OBJC_LITERAL_CONVERSION = YES;
				CLANG_WARN_OBJC_ROOT_CLASS = YES_ERROR;
				CLANG_WARN_RANGE_LOOP_ANALYSIS = YES;
				CLANG_WARN_STRICT_PROTOTYPES = YES;
				CLANG_WARN_SUSPICIOUS_MOVE = YES;
				CLANG_WARN_UNGUARDED_AVAILABILITY = YES_AGGRESSIVE;
				CLANG_WARN_UNREACHABLE_CODE = YES;
				CLANG_WARN__DUPLICATE_METHOD_MATCH = YES;
				CODE_SIGN_IDENTITY = "iPhone Developer";
				COPY_PHASE_STRIP = NO;
				DEBUG_INFORMATION_FORMAT = "dwarf-with-dsym";
				ENABLE_NS_ASSERTIONS = NO;
				ENABLE_STRICT_OBJC_MSGSEND = YES;
				GCC_C_LANGUAGE_STANDARD = gnu11;
				GCC_NO_COMMON_BLOCKS = YES;
				GCC_WARN_64_TO_32_BIT_CONVERSION = YES;
				GCC_WARN_ABOUT_RETURN_TYPE = YES_ERROR;
				GCC_WARN_UNDECLARED_SELECTOR = YES;
				GCC_WARN_UNINITIALIZED_AUTOS = YES_AGGRESSIVE;
				GCC_WARN_UNUSED_FUNCTION = YES;
				GCC_WARN_UNUSED_VARIABLE = YES;
				IPHONEOS_DEPLOYMENT_TARGET = 11.0;
				MTL_ENABLE_DEBUG_INFO = NO;
				SDKROOT = iphoneos;
				SWIFT_OPTIMIZATION_LEVEL = "-Owholemodule";
				VALIDATE_PRODUCT = YES;
			};
			name = Release;
		};
		841AD4D61F8CB63F00FB8705 /* Debug */ = {
			isa = XCBuildConfiguration;
			buildSettings = {
				ASSETCATALOG_COMPILER_APPICON_NAME = AppIcon;
				CODE_SIGN_STYLE = Automatic;
				DEVELOPMENT_TEAM = C5M43SNXN6;
				INFOPLIST_FILE = "School with Cristina/Info.plist";
				LD_RUNPATH_SEARCH_PATHS = "$(inherited) @executable_path/Frameworks";
				PRODUCT_BUNDLE_IDENTIFIER = "home.School-with-Cristina";
				PRODUCT_NAME = "$(TARGET_NAME)";
				SWIFT_VERSION = 4.0;
				TARGETED_DEVICE_FAMILY = "1,2";
			};
			name = Debug;
		};
		841AD4D71F8CB63F00FB8705 /* Release */ = {
			isa = XCBuildConfiguration;
			buildSettings = {
				ASSETCATALOG_COMPILER_APPICON_NAME = AppIcon;
				CODE_SIGN_STYLE = Automatic;
				DEVELOPMENT_TEAM = C5M43SNXN6;
				INFOPLIST_FILE = "School with Cristina/Info.plist";
				LD_RUNPATH_SEARCH_PATHS = "$(inherited) @executable_path/Frameworks";
				PRODUCT_BUNDLE_IDENTIFIER = "home.School-with-Cristina";
				PRODUCT_NAME = "$(TARGET_NAME)";
				SWIFT_VERSION = 4.0;
				TARGETED_DEVICE_FAMILY = "1,2";
			};
			name = Release;
		};
/* End XCBuildConfiguration section */

/* Begin XCConfigurationList section */
		841AD4BB1F8CB63F00FB8705 /* Build configuration list for PBXProject "School with Cristina" */ = {
			isa = XCConfigurationList;
			buildConfigurations = (
				841AD4D31F8CB63F00FB8705 /* Debug */,
				841AD4D41F8CB63F00FB8705 /* Release */,
			);
			defaultConfigurationIsVisible = 0;
			defaultConfigurationName = Release;
		};
		841AD4D51F8CB63F00FB8705 /* Build configuration list for PBXNativeTarget "School with Cristina" */ = {
			isa = XCConfigurationList;
			buildConfigurations = (
				841AD4D61F8CB63F00FB8705 /* Debug */,
				841AD4D71F8CB63F00FB8705 /* Release */,
			);
			defaultConfigurationIsVisible = 0;
			defaultConfigurationName = Release;
		};
/* End XCConfigurationList section */

/* Begin XCVersionGroup section */
		841AD4CA1F8CB63F00FB8705 /* School_with_Cristina.xcdatamodeld */ = {
			isa = XCVersionGroup;
			children = (
				841AD4CB1F8CB63F00FB8705 /* School_with_Cristina.xcdatamodel */,
			);
			currentVersion = 841AD4CB1F8CB63F00FB8705 /* School_with_Cristina.xcdatamodel */;
			path = School_with_Cristina.xcdatamodeld;
			sourceTree = "<group>";
			versionGroupType = wrapper.xcdatamodel;
		};
/* End XCVersionGroup section */
	};
	rootObject = 841AD4B81F8CB63F00FB8705 /* Project object */;
}
